{
    "_readme": [
        "This file locks the dependencies of your project to a known state",
        "Read more about it at https://getcomposer.org/doc/01-basic-usage.md#composer-lock-the-lock-file",
        "This file is @generated automatically"
    ],
    "hash": "8dded9010b869bd2c8e7615a4e179e5e",
    "content-hash": "0c5da44e1b4ca667e57e9ae362f2ea27",
    "packages": [
        {
            "name": "phug/ast",
            "version": "dev-master",
            "source": {
                "type": "git",
                "url": "https://github.com/phug-php/ast.git",
                "reference": "9cde171ba2f4c3247fee7dc98ac3792a2e9fedb3"
            },
            "dist": {
                "type": "zip",
                "url": "https://api.github.com/repos/phug-php/ast/zipball/9cde171ba2f4c3247fee7dc98ac3792a2e9fedb3",
                "reference": "9cde171ba2f4c3247fee7dc98ac3792a2e9fedb3",
                "shasum": ""
            },
            "require": {
                "php": ">=5.5.0"
            },
            "type": "library",
            "autoload": {
                "psr-4": {
                    "": "./src"
                }
            },
            "notification-url": "https://packagist.org/downloads/",
            "license": [
                "MIT"
            ],
            "authors": [
                {
                    "name": "Torben Koehn",
                    "email": "torben@talesoft.codes"
                }
            ],
            "homepage": "http://phug-lang.com",
            "keywords": [
                "ast",
                "dialect",
                "html",
                "jade",
                "php",
                "phtml",
                "phug",
                "presentation",
                "pug",
                "render",
                "template",
                "views"
            ],
            "time": "2016-12-06 16:16:59"
        },
        {
            "name": "phug/lexer",
            "version": "dev-master",
            "source": {
                "type": "git",
                "url": "https://github.com/phug-php/lexer.git",
                "reference": "6847d32733c7de22751aa572cddee7f86cb7fcf6"
            },
            "dist": {
                "type": "zip",
                "url": "https://api.github.com/repos/phug-php/lexer/zipball/6847d32733c7de22751aa572cddee7f86cb7fcf6",
                "reference": "6847d32733c7de22751aa572cddee7f86cb7fcf6",
                "shasum": ""
            },
            "require": {
                "php": ">=5.5.0",
                "phug/reader": "^0.1.0",
                "phug/util": "^0.1.4"
            },
            "type": "library",
            "autoload": {
                "psr-4": {
                    "": "./src"
                }
            },
            "notification-url": "https://packagist.org/downloads/",
            "license": [
                "MIT"
            ],
            "authors": [
                {
                    "name": "Torben Koehn",
                    "email": "torben@talesoft.codes"
                }
            ],
            "homepage": "http://phug-lang.com",
            "keywords": [
                "dialect",
                "html",
                "jade",
                "lexer",
                "php",
                "phtml",
                "phug",
                "presentation",
                "pug",
                "render",
                "template",
                "views"
            ],
            "time": "2016-12-15 16:59:20"
        },
        {
            "name": "phug/parser",
            "version": "dev-master",
            "source": {
                "type": "git",
                "url": "https://github.com/phug-php/parser.git",
                "reference": "30cdc63447496a8498f41f9145dff0a02541e814"
            },
            "dist": {
                "type": "zip",
                "url": "https://api.github.com/repos/phug-php/parser/zipball/30cdc63447496a8498f41f9145dff0a02541e814",
                "reference": "30cdc63447496a8498f41f9145dff0a02541e814",
                "shasum": ""
            },
            "require": {
                "php": ">=5.5.0",
                "phug/ast": "*@dev",
                "phug/lexer": "*@dev",
                "phug/util": "*@dev"
            },
            "type": "library",
            "autoload": {
                "psr-4": {
                    "": "./src"
                }
            },
            "notification-url": "https://packagist.org/downloads/",
            "license": [
                "MIT"
            ],
            "authors": [
                {
                    "name": "Torben Koehn",
                    "email": "torben@talesoft.codes"
                }
            ],
            "homepage": "http://phug-lang.com",
            "keywords": [
                "dialect",
                "html",
                "jade",
                "php",
                "phtml",
                "phug",
                "presentation",
                "pug",
                "reader",
                "render",
                "template",
                "views"
            ],
            "time": "2016-12-06 16:14:45"
        },
        {
            "name": "phug/reader",
            "version": "0.1.0",
            "source": {
                "type": "git",
                "url": "https://github.com/phug-php/reader.git",
                "reference": "64097c13783e7427dc4ce1aaf9eb550fe6768caf"
            },
            "dist": {
                "type": "zip",
                "url": "https://api.github.com/repos/phug-php/reader/zipball/64097c13783e7427dc4ce1aaf9eb550fe6768caf",
                "reference": "64097c13783e7427dc4ce1aaf9eb550fe6768caf",
                "shasum": ""
            },
            "require": {
                "php": ">=5.5.0",
                "psr/http-message": "^1.0",
                "symfony/polyfill-mbstring": "*"
            },
            "type": "library",
            "autoload": {
                "psr-4": {
                    "": "./src"
                }
            },
            "notification-url": "https://packagist.org/downloads/",
            "license": [
                "MIT"
            ],
            "authors": [
                {
                    "name": "Torben Koehn",
                    "email": "torben@talesoft.codes"
                }
            ],
            "homepage": "http://phug-lang.com",
            "keywords": [
                "dialect",
                "html",
                "jade",
                "php",
                "phtml",
                "phug",
                "presentation",
                "pug",
                "reader",
                "render",
                "template",
                "views"
            ],
            "time": "2016-11-30 15:08:08"
        },
        {
            "name": "phug/util",
            "version": "0.1.4",
            "source": {
                "type": "git",
                "url": "https://github.com/phug-php/util.git",
                "reference": "c00b5650631b8b929bcae495bf3764abe9057242"
            },
            "dist": {
                "type": "zip",
                "url": "https://api.github.com/repos/phug-php/util/zipball/c00b5650631b8b929bcae495bf3764abe9057242",
                "reference": "c00b5650631b8b929bcae495bf3764abe9057242",
                "shasum": ""
            },
            "require": {
                "php": ">=5.5.0"
            },
            "type": "library",
            "autoload": {
                "psr-4": {
                    "": "./src"
                }
            },
            "notification-url": "https://packagist.org/downloads/",
            "license": [
                "MIT"
            ],
            "authors": [
                {
                    "name": "Torben Koehn",
                    "email": "torben@talesoft.codes"
                }
            ],
            "homepage": "http://phug-lang.com",
            "keywords": [
                "dialect",
                "html",
                "jade",
                "php",
                "phtml",
                "phug",
                "presentation",
                "pug",
                "render",
                "template",
                "util",
                "views"
            ],
            "time": "2016-12-15 13:44:42"
        },
        {
            "name": "psr/http-message",
            "version": "dev-master",
            "source": {
                "type": "git",
                "url": "https://github.com/php-fig/http-message.git",
                "reference": "f6561bf28d520154e4b0ec72be95418abe6d9363"
            },
            "dist": {
                "type": "zip",
                "url": "https://api.github.com/repos/php-fig/http-message/zipball/f6561bf28d520154e4b0ec72be95418abe6d9363",
                "reference": "f6561bf28d520154e4b0ec72be95418abe6d9363",
                "shasum": ""
            },
            "require": {
                "php": ">=5.3.0"
            },
            "type": "library",
            "extra": {
                "branch-alias": {
                    "dev-master": "1.0.x-dev"
                }
            },
            "autoload": {
                "psr-4": {
                    "Psr\\Http\\Message\\": "src/"
                }
            },
            "notification-url": "https://packagist.org/downloads/",
            "license": [
                "MIT"
            ],
            "authors": [
                {
                    "name": "PHP-FIG",
                    "homepage": "http://www.php-fig.org/"
                }
            ],
            "description": "Common interface for HTTP messages",
            "homepage": "https://github.com/php-fig/http-message",
            "keywords": [
                "http",
                "http-message",
                "psr",
                "psr-7",
                "request",
                "response"
            ],
            "time": "2016-08-06 14:39:51"
        },
        {
            "name": "symfony/polyfill-mbstring",
            "version": "dev-master",
            "source": {
                "type": "git",
                "url": "https://github.com/symfony/polyfill-mbstring.git",
                "reference": "e79d363049d1c2128f133a2667e4f4190904f7f4"
            },
            "dist": {
                "type": "zip",
                "url": "https://api.github.com/repos/symfony/polyfill-mbstring/zipball/e79d363049d1c2128f133a2667e4f4190904f7f4",
                "reference": "e79d363049d1c2128f133a2667e4f4190904f7f4",
                "shasum": ""
            },
            "require": {
                "php": ">=5.3.3"
            },
            "suggest": {
                "ext-mbstring": "For best performance"
            },
            "type": "library",
            "extra": {
                "branch-alias": {
                    "dev-master": "1.3-dev"
                }
            },
            "autoload": {
                "psr-4": {
                    "Symfony\\Polyfill\\Mbstring\\": ""
                },
                "files": [
                    "bootstrap.php"
                ]
            },
            "notification-url": "https://packagist.org/downloads/",
            "license": [
                "MIT"
            ],
            "authors": [
                {
                    "name": "Nicolas Grekas",
                    "email": "p@tchwork.com"
                },
                {
                    "name": "Symfony Community",
                    "homepage": "https://symfony.com/contributors"
                }
            ],
            "description": "Symfony polyfill for the Mbstring extension",
            "homepage": "https://symfony.com",
            "keywords": [
                "compatibility",
                "mbstring",
                "polyfill",
                "portable",
                "shim"
            ],
            "time": "2016-11-14 01:06:16"
        }
    ],
    "packages-dev": [],
    "aliases": [],
    "minimum-stability": "dev",
    "stability-flags": {
        "phug/util": 20,
        "phug/parser": 20
    },
    "prefer-stable": false,
    "prefer-lowest": false,
    "platform": {
        "php": ">=5.5.0"
    },
    "platform-dev": []
}
